Microsoft Visual Studio Solution File, Format Version 12.00
# Visual Studio Version 17
VisualStudioVersion = 17.5.2.0
MinimumVisualStudioVersion = 10.0.40219.1
Project("{FAE04EC0-301F-11D3-BF4B-00C04F79EFBC}") = "SkeletonExample", "SkeletonExample\SkeletonExample.csproj", "{752E763C-7850-D10A-9EC0-373D23B09BC2}"
EndProject
Project("{FAE04EC0-301F-11D3-BF4B-00C04F79EFBC}") = "SkeletonExample.Android", "SkeletonExample.Android\SkeletonExample.Android.csproj", "{76995BE8-B154-7138-8D01-D52B1F68CAEE}"
EndProject
Project("{FAE04EC0-301F-11D3-BF4B-00C04F79EFBC}") = "SkeletonExample.iOS", "SkeletonExample.iOS\SkeletonExample.iOS.csproj", "{2A17E46B-7CFD-E96E-4FA3-3F9721390BD1}"
EndProject
Global
	GlobalSection(SolutionConfigurationPlatforms) = preSolution
		Debug|Any CPU = Debug|Any CPU
		Release|Any CPU = Release|Any CPU
	EndGlobalSection
	GlobalSection(ProjectConfigurationPlatforms) = postSolution
		{752E763C-7850-D10A-9EC0-373D23B09BC2}.Debug|Any CPU.ActiveCfg = Debug|Any CPU
		{752E763C-7850-D10A-9EC0-373D23B09BC2}.Debug|Any CPU.Build.0 = Debug|Any CPU
		{752E763C-7850-D10A-9EC0-373D23B09BC2}.Release|Any CPU.ActiveCfg = Release|Any CPU
		{752E763C-7850-D10A-9EC0-373D23B09BC2}.Release|Any CPU.Build.0 = Release|Any CPU
		{76995BE8-B154-7138-8D01-D52B1F68CAEE}.Debug|Any CPU.ActiveCfg = Debug|Any CPU
		{76995BE8-B154-7138-8D01-D52B1F68CAEE}.Debug|Any CPU.Build.0 = Debug|Any CPU
		{76995BE8-B154-7138-8D01-D52B1F68CAEE}.Release|Any CPU.ActiveCfg = Release|Any CPU
		{76995BE8-B154-7138-8D01-D52B1F68CAEE}.Release|Any CPU.Build.0 = Release|Any CPU
		{2A17E46B-7CFD-E96E-4FA3-3F9721390BD1}.Debug|Any CPU.ActiveCfg = Debug|Any CPU
		{2A17E46B-7CFD-E96E-4FA3-3F9721390BD1}.Debug|Any CPU.Build.0 = Debug|Any CPU
		{2A17E46B-7CFD-E96E-4FA3-3F9721390BD1}.Release|Any CPU.ActiveCfg = Release|Any CPU
		{2A17E46B-7CFD-E96E-4FA3-3F9721390BD1}.Release|Any CPU.Build.0 = Release|Any CPU
	EndGlobalSection
	GlobalSection(SolutionProperties) = preSolution
		HideSolutionNode = FALSE
	EndGlobalSection
	GlobalSection(ExtensibilityGlobals) = postSolution
		SolutionGuid = {7DBC7C44-3F53-4009-B760-D3F88DD6B47E}
	EndGlobalSection
EndGlobal
